
Microsoft Visual Studio Solution File, Format Version 12.00
# Visual Studio Version 16
VisualStudioVersion = 16.0.30128.74
MinimumVisualStudioVersion = 10.0.40219.1
Project("{FAE04EC0-301F-11D3-BF4B-00C04F79EFBC}") = "JCI", "JCI\JCI.csproj", "{860E3B77-49BD-42F7-930D-A0AF564F0FEC}"
EndProject
Global
	GlobalSection(SolutionConfigurationPlatforms) = preSolution
		Debug|Any CPU = Debug|Any CPU
		Release|Any CPU = Release|Any CPU
	EndGlobalSection
	GlobalSection(ProjectConfigurationPlatforms) = postSolution
		{860E3B77-49BD-42F7-930D-A0AF564F0FEC}.Debug|Any CPU.ActiveCfg = Debug|Any CPU
		{860E3B77-49BD-42F7-930D-A0AF564F0FEC}.Debug|Any CPU.Build.0 = Debug|Any CPU
		{860E3B77-49BD-42F7-930D-A0AF564F0FEC}.Release|Any CPU.ActiveCfg = Release|Any CPU
		{860E3B77-49BD-42F7-930D-A0AF564F0FEC}.Release|Any CPU.Build.0 = Release|Any CPU
	EndGlobalSection
	GlobalSection(SolutionProperties) = preSolution
		HideSolutionNode = FALSE
	EndGlobalSection
	GlobalSection(ExtensibilityGlobals) = postSolution
		SolutionGuid = {C416C8F1-43BD-48BD-B74C-02DCB2016357}
	EndGlobalSection
EndGlobal
